
Microsoft Visual Studio Solution File, Format Version 12.00
# Visual Studio 15
VisualStudioVersion = 15.0.27703.2018
MinimumVisualStudioVersion = 10.0.40219.1
Project("{8BC9CEB8-8B4A-11D0-8D11-00A0C91BC942}") = "signed_关键字.c", "signed_关键字.c\signed_关键字.c.vcxproj", "{29A1871F-71B0-4F94-B02E-8641674E3F69}"
EndProject
Global
	GlobalSection(SolutionConfigurationPlatforms) = preSolution
		Debug|x64 = Debug|x64
		Debug|x86 = Debug|x86
		Release|x64 = Release|x64
		Release|x86 = Release|x86
	EndGlobalSection
	GlobalSection(ProjectConfigurationPlatforms) = postSolution
		{29A1871F-71B0-4F94-B02E-8641674E3F69}.Debug|x64.ActiveCfg = Debug|x64
		{29A1871F-71B0-4F94-B02E-8641674E3F69}.Debug|x64.Build.0 = Debug|x64
		{29A1871F-71B0-4F94-B02E-8641674E3F69}.Debug|x86.ActiveCfg = Debug|Win32
		{29A1871F-71B0-4F94-B02E-8641674E3F69}.Debug|x86.Build.0 = Debug|Win32
		{29A1871F-71B0-4F94-B02E-8641674E3F69}.Release|x64.ActiveCfg = Release|x64
		{29A1871F-71B0-4F94-B02E-8641674E3F69}.Release|x64.Build.0 = Release|x64
		{29A1871F-71B0-4F94-B02E-8641674E3F69}.Release|x86.ActiveCfg = Release|Win32
		{29A1871F-71B0-4F94-B02E-8641674E3F69}.Release|x86.Build.0 = Release|Win32
	EndGlobalSection
	GlobalSection(SolutionProperties) = preSolution
		HideSolutionNode = FALSE
	EndGlobalSection
	GlobalSection(ExtensibilityGlobals) = postSolution
		SolutionGuid = {EF4909AC-DBD2-4058-B493-E6B0C0D5CE49}
	EndGlobalSection
EndGlobal
