
Microsoft Visual Studio Solution File, Format Version 12.00
# Visual Studio 15
VisualStudioVersion = 15.0.27703.2000
MinimumVisualStudioVersion = 10.0.40219.1
Project("{8BC9CEB8-8B4A-11D0-8D11-00A0C91BC942}") = "Pointer_0", "Pointer_0\Pointer_0.vcxproj", "{21225BE8-F21B-4C63-99AE-DA1EADF827BA}"
EndProject
Global
	GlobalSection(SolutionConfigurationPlatforms) = preSolution
		Debug|x64 = Debug|x64
		Debug|x86 = Debug|x86
		Release|x64 = Release|x64
		Release|x86 = Release|x86
	EndGlobalSection
	GlobalSection(ProjectConfigurationPlatforms) = postSolution
		{21225BE8-F21B-4C63-99AE-DA1EADF827BA}.Debug|x64.ActiveCfg = Debug|x64
		{21225BE8-F21B-4C63-99AE-DA1EADF827BA}.Debug|x64.Build.0 = Debug|x64
		{21225BE8-F21B-4C63-99AE-DA1EADF827BA}.Debug|x86.ActiveCfg = Debug|Win32
		{21225BE8-F21B-4C63-99AE-DA1EADF827BA}.Debug|x86.Build.0 = Debug|Win32
		{21225BE8-F21B-4C63-99AE-DA1EADF827BA}.Release|x64.ActiveCfg = Release|x64
		{21225BE8-F21B-4C63-99AE-DA1EADF827BA}.Release|x64.Build.0 = Release|x64
		{21225BE8-F21B-4C63-99AE-DA1EADF827BA}.Release|x86.ActiveCfg = Release|Win32
		{21225BE8-F21B-4C63-99AE-DA1EADF827BA}.Release|x86.Build.0 = Release|Win32
	EndGlobalSection
	GlobalSection(SolutionProperties) = preSolution
		HideSolutionNode = FALSE
	EndGlobalSection
	GlobalSection(ExtensibilityGlobals) = postSolution
		SolutionGuid = {8EA03BBF-C19D-4B5D-9C41-4E513A7D4E5D}
	EndGlobalSection
EndGlobal
